# This file is autogenerated, do not edit; changes may be undone by the next 'dep ensure'.


[[projects]]
  digest = "1:2ee1ec060a2e71d2eb24755cb3f3867c52faa9895d2287d3c3bf09b01020cf32"
  name = "github.com/ChimeraCoder/anaconda"
  packages = ["."]
  pruneopts = "UT"
  revision = "9c68684170b980d5b4c2ed08fae9b530e659904d"
  version = "v2.0.0"

[[projects]]
  branch = "master"
  digest = "1:088fd1efa8fcd4f85c3e3c0d135f28114115517a2b215f2e39b67146d032ea33"
  name = "github.com/ChimeraCoder/tokenbucket"
  packages = ["."]
  pruneopts = "UT"
  revision = "c5a927568de7aad8a58127d80bcd36ca4e71e454"

[[projects]]
  digest = "1:573fa46f8d413d4bc3f7cc5e86b2c43cb21559f4fb0a19d9874d228e28fdc07c"
  name = "github.com/PuerkitoBio/goquery"
  packages = ["."]
  pruneopts = "UT"
  revision = "2d2796f41742ece03e8086188fa4db16a3a0b458"
  version = "v1.5.0"

[[projects]]
  digest = "1:66b3310cf22cdc96c35ef84ede4f7b9b370971c4025f394c89a2638729653b11"
  name = "github.com/andybalholm/cascadia"
  packages = ["."]
  pruneopts = "UT"
  revision = "901648c87902174f774fac311d7f176f8647bdaa"
  version = "v1.0.0"

[[projects]]
  branch = "master"
  digest = "1:863cb3d06b96794fd14a54579116b7e704cd8bc395e9d0404a5ad236d3e198b4"
  name = "github.com/azr/backoff"
  packages = ["."]
  pruneopts = "UT"
  revision = "53511d3c733003985b0b76f733df1f4d0095ee6a"

[[projects]]
  digest = "1:ffe9824d294da03b391f44e1ae8281281b4afc1bdaa9588c9097785e3af10cec"
  name = "github.com/davecgh/go-spew"
  packages = ["spew"]
  pruneopts = "UT"
  revision = "8991bc29aa16c548c550c7ff78260e27b9ab7c73"
  version = "v1.1.1"

[[projects]]
  branch = "master"
  digest = "1:efe7dc6d12119a36c1a617b574e99ac9c5ca8fbff57eb283a60462552b7c782a"
  name = "github.com/dustin/go-jsonpointer"
  packages = ["."]
  pruneopts = "UT"
  revision = "ba0abeacc3dcca5b9b20f31509c46794edbc9965"

[[projects]]
  branch = "master"
  digest = "1:07263fbfa1c038e890b410f730279aa7adc217180f1c2f78c6dc80b3bbe9e819"
  name = "github.com/dustin/gojson"
  packages = ["."]
  pruneopts = "UT"
  revision = "2e71ec9dd5adce3b168cd0dbde03b5cc04951c30"

[[projects]]
  branch = "master"
  digest = "1:b5cfd8d62c46082a75974f2f5e167c272f7f7d47c7a21caf49b17a45a558a601"
  name = "github.com/garyburd/go-oauth"
  packages = ["oauth"]
  pruneopts = "UT"
  revision = "bca2e7f09a178fd36b034107a00e2323bca6a82e"

[[projects]]
  digest = "1:a1a91f2decda4ce3dcca272e9f9bdd3eaba137b5d1acf3d6f1d14c2bd03cb290"
  name = "github.com/go-pkgz/lgr"
  packages = ["."]
  pruneopts = "UT"
  revision = "e8e3322ba46888900f89c1bbe7c4ae8f5a895aa5"
  version = "v0.1.4"

[[projects]]
  digest = "1:a2cff208d4759f6ba1b1cd228587b0a1869f95f22542ec9cd17fff64430113c7"
  name = "github.com/jessevdk/go-flags"
  packages = ["."]
  pruneopts = "UT"
  revision = "c6ca198ec95c841fdb89fc0de7496fed11ab854e"
  version = "v1.4.0"

[[projects]]
  digest = "1:b0142f883994390cee3fc0efbee8644c91796eb17d6af1bf8268a0961e6c0f3b"
  name = "github.com/mmcdole/gofeed"
  packages = [
    ".",
    "atom",
    "extensions",
    "internal/shared",
    "rss",
  ]
  pruneopts = "UT"
  revision = "42010a154d249f5f753dfe03a6390b59671e403e"
  version = "v1.0.0-beta2"

[[projects]]
  branch = "master"
  digest = "1:fb880b85ddcd119242ca65175135771539226ab4f004ddf76b6b1220da231ea2"
  name = "github.com/mmcdole/goxpp"
  packages = ["."]
  pruneopts = "UT"
  revision = "0068e33feabfc0086c7aeb58a9603f91c061c89f"

[[projects]]
  digest = "1:0028cb19b2e4c3112225cd871870f2d9cf49b9b4276531f03438a88e94be86fe"
  name = "github.com/pmezard/go-difflib"
  packages = ["difflib"]
  pruneopts = "UT"
  revision = "792786c7400a136282c1664665ae0a8db921c6c2"
  version = "v1.0.0"

[[projects]]
  digest = "1:c40d65817cdd41fac9aa7af8bed56927bb2d6d47e4fea566a74880f5c2b1c41e"
  name = "github.com/stretchr/testify"
  packages = [
    "assert",
    "require",
  ]
  pruneopts = "UT"
  revision = "f35b8ab0b5a2cef36673838d662e249dd9c94686"
  version = "v1.2.2"

[[projects]]
  branch = "master"
  digest = "1:6d5ed712653ea5321fe3e3475ab2188cf362a4e0d31e9fd3acbd4dfbbca0d680"
  name = "golang.org/x/net"
  packages = [
    "context",
    "html",
    "html/atom",
    "html/charset",
  ]
  pruneopts = "UT"
  revision = "351d144fa1fc0bd934e2408202be0c29f25e35a0"

[[projects]]
  digest = "1:aa4d6967a3237f8367b6bf91503964a77183ecf696f1273e8ad3551bb4412b5f"
  name = "golang.org/x/text"
  packages = [
    "encoding",
    "encoding/charmap",
    "encoding/htmlindex",
    "encoding/internal",
    "encoding/internal/identifier",
    "encoding/japanese",
    "encoding/korean",
    "encoding/simplifiedchinese",
    "encoding/traditionalchinese",
    "encoding/unicode",
    "internal/gen",
    "internal/tag",
    "internal/utf8internal",
    "language",
    "runes",
    "transform",
    "unicode/cldr",
  ]
  pruneopts = "UT"
  revision = "f21a4dfb5e38f5895301dc265a8def02365cc3d0"
  version = "v0.3.0"

[solve-meta]
  analyzer-name = "dep"
  analyzer-version = 1
  input-imports = [
    "github.com/ChimeraCoder/anaconda",
    "github.com/go-pkgz/lgr",
    "github.com/jessevdk/go-flags",
    "github.com/mmcdole/gofeed",
    "github.com/stretchr/testify/assert",
    "github.com/stretchr/testify/require",
  ]
  solver-name = "gps-cdcl"
  solver-version = 1
